Microsoft Visual Studio Solution File, Format Version 11.00
# Visual C++ Express 2010
Project("{8BC9CEB8-8B4A-11D0-8D11-00A0C91BC942}") = "ALL_BUILD", "ALL_BUILD.vcxproj", "{61F2240F-B0B1-3B39-955F-36080169AE56}"
	ProjectSection(ProjectDependencies) = postProject
		{170985FB-77C4-34A0-AB9F-B6AB2B5BE948} = {170985FB-77C4-34A0-AB9F-B6AB2B5BE948}
		{A3C1D6CF-528F-37C1-B701-B39EBAB241F1} = {A3C1D6CF-528F-37C1-B701-B39EBAB241F1}
		{3636267C-0C5F-3699-B3C4-B9DB208D7216} = {3636267C-0C5F-3699-B3C4-B9DB208D7216}
		{D15725B2-F8E7-372D-9C1F-C2BE7BC1E3DF} = {D15725B2-F8E7-372D-9C1F-C2BE7BC1E3DF}
		{60986D43-4CE3-3146-8AFF-479F0427DA77} = {60986D43-4CE3-3146-8AFF-479F0427DA77}
	EndProjectSection
EndProject
Project("{8BC9CEB8-8B4A-11D0-8D11-00A0C91BC942}") = "Blocks", "examples\Blocks.vcxproj", "{170985FB-77C4-34A0-AB9F-B6AB2B5BE948}"
	ProjectSection(ProjectDependencies) = postProject
		{3636267C-0C5F-3699-B3C4-B9DB208D7216} = {3636267C-0C5F-3699-B3C4-B9DB208D7216}
		{60986D43-4CE3-3146-8AFF-479F0427DA77} = {60986D43-4CE3-3146-8AFF-479F0427DA77}
	EndProjectSection
EndProject
Project("{8BC9CEB8-8B4A-11D0-8D11-00A0C91BC942}") = "Circle", "examples\Circle.vcxproj", "{A3C1D6CF-528F-37C1-B701-B39EBAB241F1}"
	ProjectSection(ProjectDependencies) = postProject
		{3636267C-0C5F-3699-B3C4-B9DB208D7216} = {3636267C-0C5F-3699-B3C4-B9DB208D7216}
		{60986D43-4CE3-3146-8AFF-479F0427DA77} = {60986D43-4CE3-3146-8AFF-479F0427DA77}
	EndProjectSection
EndProject
Project("{8BC9CEB8-8B4A-11D0-8D11-00A0C91BC942}") = "Continuous", "Continuous.vcxproj", "{9F04A33C-F6F3-3E2F-A0A4-D7BEBBCC5516}"
	ProjectSection(ProjectDependencies) = postProject
		{60986D43-4CE3-3146-8AFF-479F0427DA77} = {60986D43-4CE3-3146-8AFF-479F0427DA77}
	EndProjectSection
EndProject
Project("{8BC9CEB8-8B4A-11D0-8D11-00A0C91BC942}") = "Experimental", "Experimental.vcxproj", "{82070B55-ACC3-3934-B625-F109BF84DE8F}"
	ProjectSection(ProjectDependencies) = postProject
		{60986D43-4CE3-3146-8AFF-479F0427DA77} = {60986D43-4CE3-3146-8AFF-479F0427DA77}
	EndProjectSection
EndProject
Project("{8BC9CEB8-8B4A-11D0-8D11-00A0C91BC942}") = "INSTALL", "INSTALL.vcxproj", "{2704BC84-6B80-3DDB-9AFB-4AE9F8E11B88}"
	ProjectSection(ProjectDependencies) = postProject
		{61F2240F-B0B1-3B39-955F-36080169AE56} = {61F2240F-B0B1-3B39-955F-36080169AE56}
		{60986D43-4CE3-3146-8AFF-479F0427DA77} = {60986D43-4CE3-3146-8AFF-479F0427DA77}
	EndProjectSection
EndProject
Project("{8BC9CEB8-8B4A-11D0-8D11-00A0C91BC942}") = "Nightly", "Nightly.vcxproj", "{8EC15E31-F0B6-31DC-8616-37962BB4B11B}"
	ProjectSection(ProjectDependencies) = postProject
		{60986D43-4CE3-3146-8AFF-479F0427DA77} = {60986D43-4CE3-3146-8AFF-479F0427DA77}
	EndProjectSection
EndProject
Project("{8BC9CEB8-8B4A-11D0-8D11-00A0C91BC942}") = "NightlyMemoryCheck", "NightlyMemoryCheck.vcxproj", "{433CE18C-AEF4-3BF0-926D-9A46C730B033}"
	ProjectSection(ProjectDependencies) = postProject
		{60986D43-4CE3-3146-8AFF-479F0427DA77} = {60986D43-4CE3-3146-8AFF-479F0427DA77}
	EndProjectSection
EndProject
Project("{8BC9CEB8-8B4A-11D0-8D11-00A0C91BC942}") = "PACKAGE", "PACKAGE.vcxproj", "{B7477400-857D-3FEC-B858-FBDC0B469ACF}"
	ProjectSection(ProjectDependencies) = postProject
		{61F2240F-B0B1-3B39-955F-36080169AE56} = {61F2240F-B0B1-3B39-955F-36080169AE56}
		{60986D43-4CE3-3146-8AFF-479F0427DA77} = {60986D43-4CE3-3146-8AFF-479F0427DA77}
	EndProjectSection
EndProject
Project("{8BC9CEB8-8B4A-11D0-8D11-00A0C91BC942}") = "RUN_TESTS", "RUN_TESTS.vcxproj", "{25F70000-08A4-3F68-8178-6713D71A41E4}"
	ProjectSection(ProjectDependencies) = postProject
		{60986D43-4CE3-3146-8AFF-479F0427DA77} = {60986D43-4CE3-3146-8AFF-479F0427DA77}
	EndProjectSection
EndProject
Project("{8BC9CEB8-8B4A-11D0-8D11-00A0C91BC942}") = "RVO", "src\RVO.vcxproj", "{3636267C-0C5F-3699-B3C4-B9DB208D7216}"
	ProjectSection(ProjectDependencies) = postProject
		{60986D43-4CE3-3146-8AFF-479F0427DA77} = {60986D43-4CE3-3146-8AFF-479F0427DA77}
	EndProjectSection
EndProject
Project("{8BC9CEB8-8B4A-11D0-8D11-00A0C91BC942}") = "Roadmap", "examples\Roadmap.vcxproj", "{D15725B2-F8E7-372D-9C1F-C2BE7BC1E3DF}"
	ProjectSection(ProjectDependencies) = postProject
		{3636267C-0C5F-3699-B3C4-B9DB208D7216} = {3636267C-0C5F-3699-B3C4-B9DB208D7216}
		{60986D43-4CE3-3146-8AFF-479F0427DA77} = {60986D43-4CE3-3146-8AFF-479F0427DA77}
	EndProjectSection
EndProject
Project("{8BC9CEB8-8B4A-11D0-8D11-00A0C91BC942}") = "ZERO_CHECK", "ZERO_CHECK.vcxproj", "{60986D43-4CE3-3146-8AFF-479F0427DA77}"
	ProjectSection(ProjectDependencies) = postProject
	EndProjectSection
EndProject
Global
	GlobalSection(SolutionConfigurationPlatforms) = preSolution
		Debug|Win32 = Debug|Win32
		Release|Win32 = Release|Win32
		MinSizeRel|Win32 = MinSizeRel|Win32
		RelWithDebInfo|Win32 = RelWithDebInfo|Win32
	EndGlobalSection
	GlobalSection(ProjectConfigurationPlatforms) = postSolution
		{61F2240F-B0B1-3B39-955F-36080169AE56}.Debug|Win32.ActiveCfg = Debug|Win32
		{61F2240F-B0B1-3B39-955F-36080169AE56}.Debug|Win32.Build.0 = Debug|Win32
		{61F2240F-B0B1-3B39-955F-36080169AE56}.Release|Win32.ActiveCfg = Release|Win32
		{61F2240F-B0B1-3B39-955F-36080169AE56}.Release|Win32.Build.0 = Release|Win32
		{61F2240F-B0B1-3B39-955F-36080169AE56}.MinSizeRel|Win32.ActiveCfg = MinSizeRel|Win32
		{61F2240F-B0B1-3B39-955F-36080169AE56}.MinSizeRel|Win32.Build.0 = MinSizeRel|Win32
		{61F2240F-B0B1-3B39-955F-36080169AE56}.RelWithDebInfo|Win32.ActiveCfg = RelWithDebInfo|Win32
		{61F2240F-B0B1-3B39-955F-36080169AE56}.RelWithDebInfo|Win32.Build.0 = RelWithDebInfo|Win32
		{170985FB-77C4-34A0-AB9F-B6AB2B5BE948}.Debug|Win32.ActiveCfg = Debug|Win32
		{170985FB-77C4-34A0-AB9F-B6AB2B5BE948}.Debug|Win32.Build.0 = Debug|Win32
		{170985FB-77C4-34A0-AB9F-B6AB2B5BE948}.Release|Win32.ActiveCfg = Release|Win32
		{170985FB-77C4-34A0-AB9F-B6AB2B5BE948}.Release|Win32.Build.0 = Release|Win32
		{170985FB-77C4-34A0-AB9F-B6AB2B5BE948}.MinSizeRel|Win32.ActiveCfg = MinSizeRel|Win32
		{170985FB-77C4-34A0-AB9F-B6AB2B5BE948}.MinSizeRel|Win32.Build.0 = MinSizeRel|Win32
		{170985FB-77C4-34A0-AB9F-B6AB2B5BE948}.RelWithDebInfo|Win32.ActiveCfg = RelWithDebInfo|Win32
		{170985FB-77C4-34A0-AB9F-B6AB2B5BE948}.RelWithDebInfo|Win32.Build.0 = RelWithDebInfo|Win32
		{A3C1D6CF-528F-37C1-B701-B39EBAB241F1}.Debug|Win32.ActiveCfg = Debug|Win32
		{A3C1D6CF-528F-37C1-B701-B39EBAB241F1}.Debug|Win32.Build.0 = Debug|Win32
		{A3C1D6CF-528F-37C1-B701-B39EBAB241F1}.Release|Win32.ActiveCfg = Release|Win32
		{A3C1D6CF-528F-37C1-B701-B39EBAB241F1}.Release|Win32.Build.0 = Release|Win32
		{A3C1D6CF-528F-37C1-B701-B39EBAB241F1}.MinSizeRel|Win32.ActiveCfg = MinSizeRel|Win32
		{A3C1D6CF-528F-37C1-B701-B39EBAB241F1}.MinSizeRel|Win32.Build.0 = MinSizeRel|Win32
		{A3C1D6CF-528F-37C1-B701-B39EBAB241F1}.RelWithDebInfo|Win32.ActiveCfg = RelWithDebInfo|Win32
		{A3C1D6CF-528F-37C1-B701-B39EBAB241F1}.RelWithDebInfo|Win32.Build.0 = RelWithDebInfo|Win32
		{9F04A33C-F6F3-3E2F-A0A4-D7BEBBCC5516}.Debug|Win32.ActiveCfg = Debug|Win32
		{9F04A33C-F6F3-3E2F-A0A4-D7BEBBCC5516}.Release|Win32.ActiveCfg = Release|Win32
		{9F04A33C-F6F3-3E2F-A0A4-D7BEBBCC5516}.MinSizeRel|Win32.ActiveCfg = MinSizeRel|Win32
		{9F04A33C-F6F3-3E2F-A0A4-D7BEBBCC5516}.RelWithDebInfo|Win32.ActiveCfg = RelWithDebInfo|Win32
		{82070B55-ACC3-3934-B625-F109BF84DE8F}.Debug|Win32.ActiveCfg = Debug|Win32
		{82070B55-ACC3-3934-B625-F109BF84DE8F}.Release|Win32.ActiveCfg = Release|Win32
		{82070B55-ACC3-3934-B625-F109BF84DE8F}.MinSizeRel|Win32.ActiveCfg = MinSizeRel|Win32
		{82070B55-ACC3-3934-B625-F109BF84DE8F}.RelWithDebInfo|Win32.ActiveCfg = RelWithDebInfo|Win32
		{2704BC84-6B80-3DDB-9AFB-4AE9F8E11B88}.Debug|Win32.ActiveCfg = Debug|Win32
		{2704BC84-6B80-3DDB-9AFB-4AE9F8E11B88}.Release|Win32.ActiveCfg = Release|Win32
		{2704BC84-6B80-3DDB-9AFB-4AE9F8E11B88}.MinSizeRel|Win32.ActiveCfg = MinSizeRel|Win32
		{2704BC84-6B80-3DDB-9AFB-4AE9F8E11B88}.RelWithDebInfo|Win32.ActiveCfg = RelWithDebInfo|Win32
		{8EC15E31-F0B6-31DC-8616-37962BB4B11B}.Debug|Win32.ActiveCfg = Debug|Win32
		{8EC15E31-F0B6-31DC-8616-37962BB4B11B}.Release|Win32.ActiveCfg = Release|Win32
		{8EC15E31-F0B6-31DC-8616-37962BB4B11B}.MinSizeRel|Win32.ActiveCfg = MinSizeRel|Win32
		{8EC15E31-F0B6-31DC-8616-37962BB4B11B}.RelWithDebInfo|Win32.ActiveCfg = RelWithDebInfo|Win32
		{433CE18C-AEF4-3BF0-926D-9A46C730B033}.Debug|Win32.ActiveCfg = Debug|Win32
		{433CE18C-AEF4-3BF0-926D-9A46C730B033}.Release|Win32.ActiveCfg = Release|Win32
		{433CE18C-AEF4-3BF0-926D-9A46C730B033}.MinSizeRel|Win32.ActiveCfg = MinSizeRel|Win32
		{433CE18C-AEF4-3BF0-926D-9A46C730B033}.RelWithDebInfo|Win32.ActiveCfg = RelWithDebInfo|Win32
		{B7477400-857D-3FEC-B858-FBDC0B469ACF}.Debug|Win32.ActiveCfg = Debug|Win32
		{B7477400-857D-3FEC-B858-FBDC0B469ACF}.Release|Win32.ActiveCfg = Release|Win32
		{B7477400-857D-3FEC-B858-FBDC0B469ACF}.MinSizeRel|Win32.ActiveCfg = MinSizeRel|Win32
		{B7477400-857D-3FEC-B858-FBDC0B469ACF}.RelWithDebInfo|Win32.ActiveCfg = RelWithDebInfo|Win32
		{25F70000-08A4-3F68-8178-6713D71A41E4}.Debug|Win32.ActiveCfg = Debug|Win32
		{25F70000-08A4-3F68-8178-6713D71A41E4}.Release|Win32.ActiveCfg = Release|Win32
		{25F70000-08A4-3F68-8178-6713D71A41E4}.MinSizeRel|Win32.ActiveCfg = MinSizeRel|Win32
		{25F70000-08A4-3F68-8178-6713D71A41E4}.RelWithDebInfo|Win32.ActiveCfg = RelWithDebInfo|Win32
		{3636267C-0C5F-3699-B3C4-B9DB208D7216}.Debug|Win32.ActiveCfg = Debug|Win32
		{3636267C-0C5F-3699-B3C4-B9DB208D7216}.Debug|Win32.Build.0 = Debug|Win32
		{3636267C-0C5F-3699-B3C4-B9DB208D7216}.Release|Win32.ActiveCfg = Release|Win32
		{3636267C-0C5F-3699-B3C4-B9DB208D7216}.Release|Win32.Build.0 = Release|Win32
		{3636267C-0C5F-3699-B3C4-B9DB208D7216}.MinSizeRel|Win32.ActiveCfg = MinSizeRel|Win32
		{3636267C-0C5F-3699-B3C4-B9DB208D7216}.MinSizeRel|Win32.Build.0 = MinSizeRel|Win32
		{3636267C-0C5F-3699-B3C4-B9DB208D7216}.RelWithDebInfo|Win32.ActiveCfg = RelWithDebInfo|Win32
		{3636267C-0C5F-3699-B3C4-B9DB208D7216}.RelWithDebInfo|Win32.Build.0 = RelWithDebInfo|Win32
		{D15725B2-F8E7-372D-9C1F-C2BE7BC1E3DF}.Debug|Win32.ActiveCfg = Debug|Win32
		{D15725B2-F8E7-372D-9C1F-C2BE7BC1E3DF}.Debug|Win32.Build.0 = Debug|Win32
		{D15725B2-F8E7-372D-9C1F-C2BE7BC1E3DF}.Release|Win32.ActiveCfg = Release|Win32
		{D15725B2-F8E7-372D-9C1F-C2BE7BC1E3DF}.Release|Win32.Build.0 = Release|Win32
		{D15725B2-F8E7-372D-9C1F-C2BE7BC1E3DF}.MinSizeRel|Win32.ActiveCfg = MinSizeRel|Win32
		{D15725B2-F8E7-372D-9C1F-C2BE7BC1E3DF}.MinSizeRel|Win32.Build.0 = MinSizeRel|Win32
		{D15725B2-F8E7-372D-9C1F-C2BE7BC1E3DF}.RelWithDebInfo|Win32.ActiveCfg = RelWithDebInfo|Win32
		{D15725B2-F8E7-372D-9C1F-C2BE7BC1E3DF}.RelWithDebInfo|Win32.Build.0 = RelWithDebInfo|Win32
		{60986D43-4CE3-3146-8AFF-479F0427DA77}.Debug|Win32.ActiveCfg = Debug|Win32
		{60986D43-4CE3-3146-8AFF-479F0427DA77}.Debug|Win32.Build.0 = Debug|Win32
		{60986D43-4CE3-3146-8AFF-479F0427DA77}.Release|Win32.ActiveCfg = Release|Win32
		{60986D43-4CE3-3146-8AFF-479F0427DA77}.Release|Win32.Build.0 = Release|Win32
		{60986D43-4CE3-3146-8AFF-479F0427DA77}.MinSizeRel|Win32.ActiveCfg = MinSizeRel|Win32
		{60986D43-4CE3-3146-8AFF-479F0427DA77}.MinSizeRel|Win32.Build.0 = MinSizeRel|Win32
		{60986D43-4CE3-3146-8AFF-479F0427DA77}.RelWithDebInfo|Win32.ActiveCfg = RelWithDebInfo|Win32
		{60986D43-4CE3-3146-8AFF-479F0427DA77}.RelWithDebInfo|Win32.Build.0 = RelWithDebInfo|Win32
	EndGlobalSection
	GlobalSection(ExtensibilityGlobals) = postSolution
		SolutionGuid = {23D9A167-CABE-3849-A8C7-DA5C67EC72B0}
	EndGlobalSection
	GlobalSection(ExtensibilityAddIns) = postSolution
	EndGlobalSection
EndGlobal
