Microsoft Visual Studio Solution File, Format Version 10.00
# Visual Studio 2008
Project("{8BC9CEB8-8B4A-11D0-8D11-00A0C91BC942}") = "RVO", "src\RVO.vcproj", "{31E38DAC-CA22-4C3B-8C14-5A14D3290443}"
EndProject
Project("{8BC9CEB8-8B4A-11D0-8D11-00A0C91BC942}") = "Blocks", "examples\Blocks.vcproj", "{A3689E2E-A027-468D-AC72-A86C612A9F9F}"
	ProjectSection(ProjectDependencies) = postProject
		{31E38DAC-CA22-4C3B-8C14-5A14D3290443} = {31E38DAC-CA22-4C3B-8C14-5A14D3290443}
	EndProjectSection
EndProject
Project("{8BC9CEB8-8B4A-11D0-8D11-00A0C91BC942}") = "Circle", "examples\Circle.vcproj", "{71354A61-F163-4FCE-B750-458EA0D253F9}"
	ProjectSection(ProjectDependencies) = postProject
		{31E38DAC-CA22-4C3B-8C14-5A14D3290443} = {31E38DAC-CA22-4C3B-8C14-5A14D3290443}
	EndProjectSection
EndProject
Project("{8BC9CEB8-8B4A-11D0-8D11-00A0C91BC942}") = "Roadmap", "examples\Roadmap.vcproj", "{35D59389-0078-49CD-A28C-D4EC92D0C126}"
	ProjectSection(ProjectDependencies) = postProject
		{31E38DAC-CA22-4C3B-8C14-5A14D3290443} = {31E38DAC-CA22-4C3B-8C14-5A14D3290443}
	EndProjectSection
EndProject
Global
	GlobalSection(SolutionConfigurationPlatforms) = preSolution
		Debug|Win32 = Debug|Win32
		Release|Win32 = Release|Win32
		ReleaseST|Win32 = ReleaseST|Win32
	EndGlobalSection
	GlobalSection(ProjectConfigurationPlatforms) = postSolution
		{31E38DAC-CA22-4C3B-8C14-5A14D3290443}.Debug|Win32.ActiveCfg = Debug|Win32
		{31E38DAC-CA22-4C3B-8C14-5A14D3290443}.Debug|Win32.Build.0 = Debug|Win32
		{31E38DAC-CA22-4C3B-8C14-5A14D3290443}.Release|Win32.ActiveCfg = Release|Win32
		{31E38DAC-CA22-4C3B-8C14-5A14D3290443}.Release|Win32.Build.0 = Release|Win32
		{71354A61-F163-4FCE-B750-458EA0D253F9}.Debug|Win32.ActiveCfg = Debug|Win32
		{71354A61-F163-4FCE-B750-458EA0D253F9}.Debug|Win32.Build.0 = Debug|Win32
		{71354A61-F163-4FCE-B750-458EA0D253F9}.Release|Win32.ActiveCfg = Release|Win32
		{71354A61-F163-4FCE-B750-458EA0D253F9}.Release|Win32.Build.0 = Release|Win32
		{A3689E2E-A027-468D-AC72-A86C612A9F9F}.Debug|Win32.ActiveCfg = Debug|Win32
		{A3689E2E-A027-468D-AC72-A86C612A9F9F}.Debug|Win32.Build.0 = Debug|Win32
		{A3689E2E-A027-468D-AC72-A86C612A9F9F}.Release|Win32.ActiveCfg = Release|Win32
		{A3689E2E-A027-468D-AC72-A86C612A9F9F}.Release|Win32.Build.0 = Release|Win32
		{35D59389-0078-49CD-A28C-D4EC92D0C126}.Debug|Win32.ActiveCfg = Debug|Win32
		{35D59389-0078-49CD-A28C-D4EC92D0C126}.Debug|Win32.Build.0 = Debug|Win32
		{35D59389-0078-49CD-A28C-D4EC92D0C126}.Release|Win32.ActiveCfg = Release|Win32
		{35D59389-0078-49CD-A28C-D4EC92D0C126}.Release|Win32.Build.0 = Release|Win32
	EndGlobalSection
	GlobalSection(SolutionProperties) = preSolution
		HideSolutionNode = FALSE
	EndGlobalSection
EndGlobal
